
Microsoft Visual Studio Solution File, Format Version 11.00
# Visual C# Express 2010
Project("{FAE04EC0-301F-11D3-BF4B-00C04F79EFBC}") = "JSONFarseer", "JSONFarseer\JSONFarseer\JSONFarseer.csproj", "{9CC75FD9-1EB2-4AB9-87FC-BF8BCB60EA97}"
EndProject
Project("{96E2B04D-8817-42C6-938A-82C39BA4D311}") = "JSONFarseerContent", "JSONFarseer\JSONFarseerContent\JSONFarseerContent.contentproj", "{87A49FB9-DBC6-4932-9100-744BBD9ACE86}"
EndProject
Global
	GlobalSection(SolutionConfigurationPlatforms) = preSolution
		Debug|x86 = Debug|x86
		Release|x86 = Release|x86
	EndGlobalSection
	GlobalSection(ProjectConfigurationPlatforms) = postSolution
		{9CC75FD9-1EB2-4AB9-87FC-BF8BCB60EA97}.Debug|x86.ActiveCfg = Debug|x86
		{9CC75FD9-1EB2-4AB9-87FC-BF8BCB60EA97}.Debug|x86.Build.0 = Debug|x86
		{9CC75FD9-1EB2-4AB9-87FC-BF8BCB60EA97}.Release|x86.ActiveCfg = Release|x86
		{9CC75FD9-1EB2-4AB9-87FC-BF8BCB60EA97}.Release|x86.Build.0 = Release|x86
		{87A49FB9-DBC6-4932-9100-744BBD9ACE86}.Debug|x86.ActiveCfg = Debug|x86
		{87A49FB9-DBC6-4932-9100-744BBD9ACE86}.Release|x86.ActiveCfg = Release|x86
	EndGlobalSection
	GlobalSection(SolutionProperties) = preSolution
		HideSolutionNode = FALSE
	EndGlobalSection
EndGlobal
